
Microsoft Visual Studio Solution File, Format Version 12.00
# Visual Studio Version 17
VisualStudioVersion = 17.4.33213.308
MinimumVisualStudioVersion = 10.0.40219.1
Project("{FAE04EC0-301F-11D3-BF4B-00C04F79EFBC}") = "HW - IPO - CIS 215", "HW - IPO - CIS 215\HW - IPO - CIS 215.csproj", "{745C53A5-8583-437D-A784-0D55D327A3B1}"
EndProject
Global
	GlobalSection(SolutionConfigurationPlatforms) = preSolution
		Debug|Any CPU = Debug|Any CPU
		Release|Any CPU = Release|Any CPU
	EndGlobalSection
	GlobalSection(ProjectConfigurationPlatforms) = postSolution
		{745C53A5-8583-437D-A784-0D55D327A3B1}.Debug|Any CPU.ActiveCfg = Debug|Any CPU
		{745C53A5-8583-437D-A784-0D55D327A3B1}.Debug|Any CPU.Build.0 = Debug|Any CPU
		{745C53A5-8583-437D-A784-0D55D327A3B1}.Release|Any CPU.ActiveCfg = Release|Any CPU
		{745C53A5-8583-437D-A784-0D55D327A3B1}.Release|Any CPU.Build.0 = Release|Any CPU
	EndGlobalSection
	GlobalSection(SolutionProperties) = preSolution
		HideSolutionNode = FALSE
	EndGlobalSection
	GlobalSection(ExtensibilityGlobals) = postSolution
		SolutionGuid = {78254D99-32B3-4BFE-919F-17A611F291F6}
	EndGlobalSection
EndGlobal
